
Microsoft Visual Studio Solution File, Format Version 12.00
# Visual Studio Version 17
VisualStudioVersion = 17.13.35931.197
MinimumVisualStudioVersion = 10.0.40219.1
Project("{FAE04EC0-301F-11D3-BF4B-00C04F79EFBC}") = "OrderService", "OrderService\OrderService.csproj", "{D8D02F5F-96E9-4A58-B9B4-5E33AC814B1D}"
EndProject
Project("{FAE04EC0-301F-11D3-BF4B-00C04F79EFBC}") = "PortfolioService", "PortfolioService\PortfolioService.csproj", "{57058807-E853-4B85-8A6E-FEAD02AA0FC9}"
EndProject
Project("{FAE04EC0-301F-11D3-BF4B-00C04F79EFBC}") = "PriceService", "PriceService\PriceService.csproj", "{B54C02FD-85B1-4252-ABC0-67A815B3A1A3}"
EndProject
Project("{E53339B2-1760-4266-BCC7-CA923CBCF16C}") = "docker-compose", "docker-compose.dcproj", "{81DDED9D-158B-E303-5F62-77A2896D2A5A}"
EndProject
Project("{FAE04EC0-301F-11D3-BF4B-00C04F79EFBC}") = "Shared", "Shared\Shared.csproj", "{0ABA10A2-3C7B-4A20-A4CE-26AD6833541A}"
EndProject
Project("{FAE04EC0-301F-11D3-BF4B-00C04F79EFBC}") = "ApiGateway", "ApiGateway\ApiGateway.csproj", "{87366077-DB92-4954-8C3F-CF28AA589A7B}"
EndProject
Global
	GlobalSection(SolutionConfigurationPlatforms) = preSolution
		Debug|Any CPU = Debug|Any CPU
		Release|Any CPU = Release|Any CPU
	EndGlobalSection
	GlobalSection(ProjectConfigurationPlatforms) = postSolution
		{D8D02F5F-96E9-4A58-B9B4-5E33AC814B1D}.Debug|Any CPU.ActiveCfg = Debug|Any CPU
		{D8D02F5F-96E9-4A58-B9B4-5E33AC814B1D}.Debug|Any CPU.Build.0 = Debug|Any CPU
		{D8D02F5F-96E9-4A58-B9B4-5E33AC814B1D}.Release|Any CPU.ActiveCfg = Release|Any CPU
		{D8D02F5F-96E9-4A58-B9B4-5E33AC814B1D}.Release|Any CPU.Build.0 = Release|Any CPU
		{57058807-E853-4B85-8A6E-FEAD02AA0FC9}.Debug|Any CPU.ActiveCfg = Debug|Any CPU
		{57058807-E853-4B85-8A6E-FEAD02AA0FC9}.Debug|Any CPU.Build.0 = Debug|Any CPU
		{57058807-E853-4B85-8A6E-FEAD02AA0FC9}.Release|Any CPU.ActiveCfg = Release|Any CPU
		{57058807-E853-4B85-8A6E-FEAD02AA0FC9}.Release|Any CPU.Build.0 = Release|Any CPU
		{B54C02FD-85B1-4252-ABC0-67A815B3A1A3}.Debug|Any CPU.ActiveCfg = Debug|Any CPU
		{B54C02FD-85B1-4252-ABC0-67A815B3A1A3}.Debug|Any CPU.Build.0 = Debug|Any CPU
		{B54C02FD-85B1-4252-ABC0-67A815B3A1A3}.Release|Any CPU.ActiveCfg = Release|Any CPU
		{B54C02FD-85B1-4252-ABC0-67A815B3A1A3}.Release|Any CPU.Build.0 = Release|Any CPU
		{81DDED9D-158B-E303-5F62-77A2896D2A5A}.Debug|Any CPU.ActiveCfg = Debug|Any CPU
		{81DDED9D-158B-E303-5F62-77A2896D2A5A}.Debug|Any CPU.Build.0 = Debug|Any CPU
		{81DDED9D-158B-E303-5F62-77A2896D2A5A}.Release|Any CPU.ActiveCfg = Release|Any CPU
		{81DDED9D-158B-E303-5F62-77A2896D2A5A}.Release|Any CPU.Build.0 = Release|Any CPU
		{0ABA10A2-3C7B-4A20-A4CE-26AD6833541A}.Debug|Any CPU.ActiveCfg = Debug|Any CPU
		{0ABA10A2-3C7B-4A20-A4CE-26AD6833541A}.Debug|Any CPU.Build.0 = Debug|Any CPU
		{0ABA10A2-3C7B-4A20-A4CE-26AD6833541A}.Release|Any CPU.ActiveCfg = Release|Any CPU
		{0ABA10A2-3C7B-4A20-A4CE-26AD6833541A}.Release|Any CPU.Build.0 = Release|Any CPU
		{87366077-DB92-4954-8C3F-CF28AA589A7B}.Debug|Any CPU.ActiveCfg = Debug|Any CPU
		{87366077-DB92-4954-8C3F-CF28AA589A7B}.Debug|Any CPU.Build.0 = Debug|Any CPU
		{87366077-DB92-4954-8C3F-CF28AA589A7B}.Release|Any CPU.ActiveCfg = Release|Any CPU
		{87366077-DB92-4954-8C3F-CF28AA589A7B}.Release|Any CPU.Build.0 = Release|Any CPU
	EndGlobalSection
	GlobalSection(SolutionProperties) = preSolution
		HideSolutionNode = FALSE
	EndGlobalSection
	GlobalSection(ExtensibilityGlobals) = postSolution
		SolutionGuid = {F2C6279F-36B3-47B8-8F6B-8981E32CEDF8}
	EndGlobalSection
EndGlobal
